
Microsoft Visual Studio Solution File, Format Version 12.00
# Visual Studio Version 17
VisualStudioVersion = 17.9.34723.18
MinimumVisualStudioVersion = 10.0.40219.1
Project("{FAE04EC0-301F-11D3-BF4B-00C04F79EFBC}") = "HelloMVCApp", "HelloMVCApp\HelloMVCApp.csproj", "{44FDF97C-E023-44F9-B297-935A795381EB}"
EndProject
Global
	GlobalSection(SolutionConfigurationPlatforms) = preSolution
		Debug|Any CPU = Debug|Any CPU
		Release|Any CPU = Release|Any CPU
	EndGlobalSection
	GlobalSection(ProjectConfigurationPlatforms) = postSolution
		{44FDF97C-E023-44F9-B297-935A795381EB}.Debug|Any CPU.ActiveCfg = Debug|Any CPU
		{44FDF97C-E023-44F9-B297-935A795381EB}.Debug|Any CPU.Build.0 = Debug|Any CPU
		{44FDF97C-E023-44F9-B297-935A795381EB}.Release|Any CPU.ActiveCfg = Release|Any CPU
		{44FDF97C-E023-44F9-B297-935A795381EB}.Release|Any CPU.Build.0 = Release|Any CPU
	EndGlobalSection
	GlobalSection(SolutionProperties) = preSolution
		HideSolutionNode = FALSE
	EndGlobalSection
	GlobalSection(ExtensibilityGlobals) = postSolution
		SolutionGuid = {8EC429D9-F3E2-423B-A3DD-EC9D4CD2AC5C}
	EndGlobalSection
EndGlobal
